
Microsoft Visual Studio Solution File, Format Version 12.00
# Visual Studio Version 17
VisualStudioVersion = 17.6.33815.320
MinimumVisualStudioVersion = 10.0.40219.1
Project("{8BC9CEB8-8B4A-11D0-8D11-00A0C91BC942}") = "libGPC", "libGPC.vcxproj", "{1F1E39C0-54D0-4463-B53E-155741C45619}"
EndProject
Project("{8BC9CEB8-8B4A-11D0-8D11-00A0C91BC942}") = "test_memory", "tests\vsproj\test_memory\test_memory.vcxproj", "{30A9095C-9103-442A-B47B-C4F1CBD78F40}"
EndProject
Project("{8BC9CEB8-8B4A-11D0-8D11-00A0C91BC942}") = "test_assert", "tests\vsproj\test_assert\test_assert.vcxproj", "{48A80F87-72A5-4398-9B14-0380774FB9E5}"
EndProject
Project("{8BC9CEB8-8B4A-11D0-8D11-00A0C91BC942}") = "test_array", "tests\vsproj\test_array\test_array.vcxproj", "{7633444E-DE42-414C-913F-60C973AFB434}"
EndProject
Project("{8BC9CEB8-8B4A-11D0-8D11-00A0C91BC942}") = "test_error", "tests\vsproj\test_error\test_error.vcxproj", "{78D37367-5AB0-4213-B05D-0FAB8FBA4DE9}"
EndProject
Project("{8BC9CEB8-8B4A-11D0-8D11-00A0C91BC942}") = "test_overload", "tests\vsproj\test_overload\test_overload.vcxproj", "{382FAC4C-D3E0-4E5B-AFBB-F3673EA4DAE5}"
EndProject
Project("{8BC9CEB8-8B4A-11D0-8D11-00A0C91BC942}") = "test_string", "tests\vsproj\test_string\test_string.vcxproj", "{2665A32F-AEDB-4ECD-98F9-22CEC8EB26C5}"
EndProject
Global
	GlobalSection(SolutionConfigurationPlatforms) = preSolution
		Debug|x64 = Debug|x64
		Debug|x86 = Debug|x86
		Release|x64 = Release|x64
		Release|x86 = Release|x86
	EndGlobalSection
	GlobalSection(ProjectConfigurationPlatforms) = postSolution
		{1F1E39C0-54D0-4463-B53E-155741C45619}.Debug|x64.ActiveCfg = Debug|x64
		{1F1E39C0-54D0-4463-B53E-155741C45619}.Debug|x64.Build.0 = Debug|x64
		{1F1E39C0-54D0-4463-B53E-155741C45619}.Debug|x86.ActiveCfg = Debug|Win32
		{1F1E39C0-54D0-4463-B53E-155741C45619}.Debug|x86.Build.0 = Debug|Win32
		{1F1E39C0-54D0-4463-B53E-155741C45619}.Release|x64.ActiveCfg = Release|x64
		{1F1E39C0-54D0-4463-B53E-155741C45619}.Release|x64.Build.0 = Release|x64
		{1F1E39C0-54D0-4463-B53E-155741C45619}.Release|x86.ActiveCfg = Release|Win32
		{1F1E39C0-54D0-4463-B53E-155741C45619}.Release|x86.Build.0 = Release|Win32
		{30A9095C-9103-442A-B47B-C4F1CBD78F40}.Debug|x64.ActiveCfg = Debug|x64
		{30A9095C-9103-442A-B47B-C4F1CBD78F40}.Debug|x64.Build.0 = Debug|x64
		{30A9095C-9103-442A-B47B-C4F1CBD78F40}.Debug|x86.ActiveCfg = Debug|Win32
		{30A9095C-9103-442A-B47B-C4F1CBD78F40}.Debug|x86.Build.0 = Debug|Win32
		{30A9095C-9103-442A-B47B-C4F1CBD78F40}.Release|x64.ActiveCfg = Release|x64
		{30A9095C-9103-442A-B47B-C4F1CBD78F40}.Release|x64.Build.0 = Release|x64
		{30A9095C-9103-442A-B47B-C4F1CBD78F40}.Release|x86.ActiveCfg = Release|Win32
		{30A9095C-9103-442A-B47B-C4F1CBD78F40}.Release|x86.Build.0 = Release|Win32
		{48A80F87-72A5-4398-9B14-0380774FB9E5}.Debug|x64.ActiveCfg = Debug|x64
		{48A80F87-72A5-4398-9B14-0380774FB9E5}.Debug|x64.Build.0 = Debug|x64
		{48A80F87-72A5-4398-9B14-0380774FB9E5}.Debug|x86.ActiveCfg = Debug|Win32
		{48A80F87-72A5-4398-9B14-0380774FB9E5}.Debug|x86.Build.0 = Debug|Win32
		{48A80F87-72A5-4398-9B14-0380774FB9E5}.Release|x64.ActiveCfg = Release|x64
		{48A80F87-72A5-4398-9B14-0380774FB9E5}.Release|x64.Build.0 = Release|x64
		{48A80F87-72A5-4398-9B14-0380774FB9E5}.Release|x86.ActiveCfg = Release|Win32
		{48A80F87-72A5-4398-9B14-0380774FB9E5}.Release|x86.Build.0 = Release|Win32
		{7633444E-DE42-414C-913F-60C973AFB434}.Debug|x64.ActiveCfg = Debug|x64
		{7633444E-DE42-414C-913F-60C973AFB434}.Debug|x64.Build.0 = Debug|x64
		{7633444E-DE42-414C-913F-60C973AFB434}.Debug|x86.ActiveCfg = Debug|Win32
		{7633444E-DE42-414C-913F-60C973AFB434}.Debug|x86.Build.0 = Debug|Win32
		{7633444E-DE42-414C-913F-60C973AFB434}.Release|x64.ActiveCfg = Release|x64
		{7633444E-DE42-414C-913F-60C973AFB434}.Release|x64.Build.0 = Release|x64
		{7633444E-DE42-414C-913F-60C973AFB434}.Release|x86.ActiveCfg = Release|Win32
		{7633444E-DE42-414C-913F-60C973AFB434}.Release|x86.Build.0 = Release|Win32
		{78D37367-5AB0-4213-B05D-0FAB8FBA4DE9}.Debug|x64.ActiveCfg = Debug|x64
		{78D37367-5AB0-4213-B05D-0FAB8FBA4DE9}.Debug|x64.Build.0 = Debug|x64
		{78D37367-5AB0-4213-B05D-0FAB8FBA4DE9}.Debug|x86.ActiveCfg = Debug|Win32
		{78D37367-5AB0-4213-B05D-0FAB8FBA4DE9}.Debug|x86.Build.0 = Debug|Win32
		{78D37367-5AB0-4213-B05D-0FAB8FBA4DE9}.Release|x64.ActiveCfg = Release|x64
		{78D37367-5AB0-4213-B05D-0FAB8FBA4DE9}.Release|x64.Build.0 = Release|x64
		{78D37367-5AB0-4213-B05D-0FAB8FBA4DE9}.Release|x86.ActiveCfg = Release|Win32
		{78D37367-5AB0-4213-B05D-0FAB8FBA4DE9}.Release|x86.Build.0 = Release|Win32
		{382FAC4C-D3E0-4E5B-AFBB-F3673EA4DAE5}.Debug|x64.ActiveCfg = Debug|x64
		{382FAC4C-D3E0-4E5B-AFBB-F3673EA4DAE5}.Debug|x64.Build.0 = Debug|x64
		{382FAC4C-D3E0-4E5B-AFBB-F3673EA4DAE5}.Debug|x86.ActiveCfg = Debug|Win32
		{382FAC4C-D3E0-4E5B-AFBB-F3673EA4DAE5}.Debug|x86.Build.0 = Debug|Win32
		{382FAC4C-D3E0-4E5B-AFBB-F3673EA4DAE5}.Release|x64.ActiveCfg = Release|x64
		{382FAC4C-D3E0-4E5B-AFBB-F3673EA4DAE5}.Release|x64.Build.0 = Release|x64
		{382FAC4C-D3E0-4E5B-AFBB-F3673EA4DAE5}.Release|x86.ActiveCfg = Release|Win32
		{382FAC4C-D3E0-4E5B-AFBB-F3673EA4DAE5}.Release|x86.Build.0 = Release|Win32
		{2665A32F-AEDB-4ECD-98F9-22CEC8EB26C5}.Debug|x64.ActiveCfg = Debug|x64
		{2665A32F-AEDB-4ECD-98F9-22CEC8EB26C5}.Debug|x64.Build.0 = Debug|x64
		{2665A32F-AEDB-4ECD-98F9-22CEC8EB26C5}.Debug|x86.ActiveCfg = Debug|Win32
		{2665A32F-AEDB-4ECD-98F9-22CEC8EB26C5}.Debug|x86.Build.0 = Debug|Win32
		{2665A32F-AEDB-4ECD-98F9-22CEC8EB26C5}.Release|x64.ActiveCfg = Release|x64
		{2665A32F-AEDB-4ECD-98F9-22CEC8EB26C5}.Release|x64.Build.0 = Release|x64
		{2665A32F-AEDB-4ECD-98F9-22CEC8EB26C5}.Release|x86.ActiveCfg = Release|Win32
		{2665A32F-AEDB-4ECD-98F9-22CEC8EB26C5}.Release|x86.Build.0 = Release|Win32
	EndGlobalSection
	GlobalSection(SolutionProperties) = preSolution
		HideSolutionNode = FALSE
	EndGlobalSection
	GlobalSection(ExtensibilityGlobals) = postSolution
		SolutionGuid = {DDA9DA57-0C60-4252-A8B8-B935A28D48F8}
	EndGlobalSection
EndGlobal
